
Microsoft Visual Studio Solution File, Format Version 12.00
# Visual Studio Version 16
VisualStudioVersion = 16.0.30413.136
MinimumVisualStudioVersion = 10.0.40219.1
Project("{FAE04EC0-301F-11D3-BF4B-00C04F79EFBC}") = "NesneYonelimliProgramlama", "NesneYonelimliProgramlama\NesneYonelimliProgramlama.csproj", "{6EEF71E7-A986-4E1C-B792-58B67C2FAAF2}"
EndProject
Project("{FAE04EC0-301F-11D3-BF4B-00C04F79EFBC}") = "ObjectOriatentedPrograming", "ObjectOriatentedPrograming\ObjectOriatentedPrograming.csproj", "{A032ED46-934E-4103-980D-5BBEE8DE4758}"
EndProject
Global
	GlobalSection(SolutionConfigurationPlatforms) = preSolution
		Debug|Any CPU = Debug|Any CPU
		Release|Any CPU = Release|Any CPU
	EndGlobalSection
	GlobalSection(ProjectConfigurationPlatforms) = postSolution
		{6EEF71E7-A986-4E1C-B792-58B67C2FAAF2}.Debug|Any CPU.ActiveCfg = Debug|Any CPU
		{6EEF71E7-A986-4E1C-B792-58B67C2FAAF2}.Debug|Any CPU.Build.0 = Debug|Any CPU
		{6EEF71E7-A986-4E1C-B792-58B67C2FAAF2}.Release|Any CPU.ActiveCfg = Release|Any CPU
		{6EEF71E7-A986-4E1C-B792-58B67C2FAAF2}.Release|Any CPU.Build.0 = Release|Any CPU
		{A032ED46-934E-4103-980D-5BBEE8DE4758}.Debug|Any CPU.ActiveCfg = Debug|Any CPU
		{A032ED46-934E-4103-980D-5BBEE8DE4758}.Debug|Any CPU.Build.0 = Debug|Any CPU
		{A032ED46-934E-4103-980D-5BBEE8DE4758}.Release|Any CPU.ActiveCfg = Release|Any CPU
		{A032ED46-934E-4103-980D-5BBEE8DE4758}.Release|Any CPU.Build.0 = Release|Any CPU
	EndGlobalSection
	GlobalSection(SolutionProperties) = preSolution
		HideSolutionNode = FALSE
	EndGlobalSection
	GlobalSection(ExtensibilityGlobals) = postSolution
		SolutionGuid = {740B1EDA-A848-4A86-824B-8459BC1DB9A2}
	EndGlobalSection
EndGlobal
